
Microsoft Visual Studio Solution File, Format Version 12.00
# Visual Studio 15
VisualStudioVersion = 15.0.27130.2010
MinimumVisualStudioVersion = 10.0.40219.1
Project("{8BC9CEB8-8B4A-11D0-8D11-00A0C91BC942}") = "Lab1", "Lab1\Lab1.vcxproj", "{3E21EB63-05D8-4021-B75E-93303D601568}"
EndProject
Global
	GlobalSection(SolutionConfigurationPlatforms) = preSolution
		Debug|x64 = Debug|x64
		Debug|x86 = Debug|x86
		Release|x64 = Release|x64
		Release|x86 = Release|x86
	EndGlobalSection
	GlobalSection(ProjectConfigurationPlatforms) = postSolution
		{3E21EB63-05D8-4021-B75E-93303D601568}.Debug|x64.ActiveCfg = Debug|x64
		{3E21EB63-05D8-4021-B75E-93303D601568}.Debug|x64.Build.0 = Debug|x64
		{3E21EB63-05D8-4021-B75E-93303D601568}.Debug|x86.ActiveCfg = Debug|Win32
		{3E21EB63-05D8-4021-B75E-93303D601568}.Debug|x86.Build.0 = Debug|Win32
		{3E21EB63-05D8-4021-B75E-93303D601568}.Release|x64.ActiveCfg = Release|x64
		{3E21EB63-05D8-4021-B75E-93303D601568}.Release|x64.Build.0 = Release|x64
		{3E21EB63-05D8-4021-B75E-93303D601568}.Release|x86.ActiveCfg = Release|Win32
		{3E21EB63-05D8-4021-B75E-93303D601568}.Release|x86.Build.0 = Release|Win32
	EndGlobalSection
	GlobalSection(SolutionProperties) = preSolution
		HideSolutionNode = FALSE
	EndGlobalSection
	GlobalSection(ExtensibilityGlobals) = postSolution
		SolutionGuid = {C9220F88-9553-4E83-AEF1-3ED96A4CD3B1}
	EndGlobalSection
EndGlobal
